<?xml version="1.0" encoding="utf-8"?>
<Project ToolsVersion="4.0" xmlns="http://schemas.microsoft.com/developer/msbuild/2003">
  <ItemGroup>
    <Filter Include="Исходные файлы">
      <UniqueIdentifier>{4FC737F1-C7A5-4376-A066-2A32D752A2FF}</UniqueIdentifier>
      <Extensions>cpp;c;cc;cxx;c++;def;odl;idl;hpj;bat;asm;asmx</Extensions>
    </Filter>
    <Filter Include="Файлы заголовков">
      <UniqueIdentifier>{93995380-89BD-4b04-88EB-625FBE52EBFB}</UniqueIdentifier>
      <Extensions>h;hh;hpp;hxx;h++;hm;inl;inc;ipp;xsd</Extensions>
    </Filter>
    <Filter Include="Файлы ресурсов">
      <UniqueIdentifier>{67DA6AB6-F800-4c08-8B7A-83BB121AAD01}</UniqueIdentifier>
      <Extensions>rc;ico;cur;bmp;dlg;rc2;rct;bin;rgs;gif;jpg;jpeg;jpe;resx;tiff;tif;png;wav;mfcribbon-ms</Extensions>
    </Filter>
    <Filter Include="Файлы заголовков\Equipment">
      <UniqueIdentifier>{6056b15c-d2df-4b8a-ba6c-9b1ff13db4a3}</UniqueIdentifier>
    </Filter>
    <Filter Include="Файлы заголовков\Data">
      <UniqueIdentifier>{e75360c3-0bff-45b8-ae7d-ae5c14e28af3}</UniqueIdentifier>
    </Filter>
  </ItemGroup>
  <ItemGroup>
    <ClCompile Include="src\Executer.cpp">
      <Filter>Исходные файлы</Filter>
    </ClCompile>
    <ClCompile Include="src\Procedure.cpp">
      <Filter>Исходные файлы</Filter>
    </ClCompile>
    <ClCompile Include="src\ProcedureController.cpp">
      <Filter>Исходные файлы</Filter>
    </ClCompile>
    <ClCompile Include="src\Program.cpp">
      <Filter>Исходные файлы</Filter>
    </ClCompile>
    <ClCompile Include="src\RAM.cpp">
      <Filter>Исходные файлы</Filter>
    </ClCompile>
    <ClCompile Include="Source.cpp">
      <Filter>Исходные файлы</Filter>
    </ClCompile>
    <ClCompile Include="src\Data\CRGB.cpp">
      <Filter>Исходные файлы</Filter>
    </ClCompile>
    <ClCompile Include="src\Funcs\Funcs.cpp">
      <Filter>Исходные файлы</Filter>
    </ClCompile>
    <ClCompile Include="src\Types\ProcedureCallTypes.cpp">
      <Filter>Исходные файлы</Filter>
    </ClCompile>
    <ClCompile Include="src\Funcs\ExternalFuncs.cpp">
      <Filter>Исходные файлы</Filter>
    </ClCompile>
    <ClCompile Include="src\LampController.cpp">
      <Filter>Исходные файлы</Filter>
    </ClCompile>
    <ClCompile Include="lib\Arduino\Arduino.cpp">
      <Filter>Исходные файлы</Filter>
    </ClCompile>
    <ClCompile Include="src\LedsController.cpp">
      <Filter>Исходные файлы</Filter>
    </ClCompile>
    <ClCompile Include="lib\Arduino\ReadFile.cpp">
      <Filter>Исходные файлы</Filter>
    </ClCompile>
    <ClCompile Include="lib\Arduino\Strip.cpp">
      <Filter>Исходные файлы</Filter>
    </ClCompile>
    <ClCompile Include="src\Data\CharArray.cpp">
      <Filter>Исходные файлы</Filter>
    </ClCompile>
    <ClCompile Include="src\Data\TypeController.cpp">
      <Filter>Исходные файлы</Filter>
    </ClCompile>
  </ItemGroup>
  <ItemGroup>
    <ClInclude Include="include\Executer.h">
      <Filter>Файлы заголовков</Filter>
    </ClInclude>
    <ClInclude Include="include\LampController.h">
      <Filter>Файлы заголовков</Filter>
    </ClInclude>
    <ClInclude Include="include\Procedure.h">
      <Filter>Файлы заголовков</Filter>
    </ClInclude>
    <ClInclude Include="include\ProcedureController.h">
      <Filter>Файлы заголовков</Filter>
    </ClInclude>
    <ClInclude Include="include\Program.h">
      <Filter>Файлы заголовков</Filter>
    </ClInclude>
    <ClInclude Include="include\RAM.h">
      <Filter>Файлы заголовков</Filter>
    </ClInclude>
    <ClInclude Include="include\Data\Array.h">
      <Filter>Файлы заголовков\Data</Filter>
    </ClInclude>
    <ClInclude Include="include\Data\CharArray.h">
      <Filter>Файлы заголовков\Data</Filter>
    </ClInclude>
    <ClInclude Include="include\Data\CRGB.h">
      <Filter>Файлы заголовков\Equipment</Filter>
    </ClInclude>
    <ClInclude Include="include\Data\Stack.h">
      <Filter>Файлы заголовков\Data</Filter>
    </ClInclude>
    <ClInclude Include="include\LedsController.h">
      <Filter>Файлы заголовков\Equipment</Filter>
    </ClInclude>
    <ClInclude Include="include\Data\Iterators.h">
      <Filter>Файлы заголовков\Data</Filter>
    </ClInclude>
    <ClInclude Include="include\Funcs\ExternalFuncs.h">
      <Filter>Файлы заголовков</Filter>
    </ClInclude>
    <ClInclude Include="include\Funcs\Funcs.h">
      <Filter>Файлы заголовков</Filter>
    </ClInclude>
    <ClInclude Include="include\Types\Types.h">
      <Filter>Файлы заголовков\Data</Filter>
    </ClInclude>
    <ClInclude Include="include\Types\ProcedureCallTypes.h">
      <Filter>Файлы заголовков\Data</Filter>
    </ClInclude>
    <ClInclude Include="include\Types\ProgramTypes.h">
      <Filter>Файлы заголовков\Data</Filter>
    </ClInclude>
    <ClInclude Include="include\Data\TypeController.h">
      <Filter>Файлы заголовков\Data</Filter>
    </ClInclude>
    <ClInclude Include="lib\Arduino\Strip.h">
      <Filter>Файлы заголовков\Equipment</Filter>
    </ClInclude>
    <ClInclude Include="lib\Arduino\ReadFile.h">
      <Filter>Файлы заголовков\Equipment</Filter>
    </ClInclude>
    <ClInclude Include="lib\Arduino\Printer.h">
      <Filter>Файлы заголовков\Equipment</Filter>
    </ClInclude>
    <ClInclude Include="lib\Arduino\Arduino.h">
      <Filter>Файлы заголовков\Equipment</Filter>
    </ClInclude>
  </ItemGroup>
</Project>